
Microsoft Visual Studio Solution File, Format Version 12.00
# Visual Studio Version 16
VisualStudioVersion = 16.0.31624.102
MinimumVisualStudioVersion = 10.0.40219.1
Project("{FAE04EC0-301F-11D3-BF4B-00C04F79EFBC}") = "AutoPark", "AutoPark\AutoPark.csproj", "{44C23004-7BB7-4CE9-B656-3B78B9A9D238}"
EndProject
Global
	GlobalSection(SolutionConfigurationPlatforms) = preSolution
		Debug|Any CPU = Debug|Any CPU
		Release|Any CPU = Release|Any CPU
	EndGlobalSection
	GlobalSection(ProjectConfigurationPlatforms) = postSolution
		{44C23004-7BB7-4CE9-B656-3B78B9A9D238}.Debug|Any CPU.ActiveCfg = Debug|Any CPU
		{44C23004-7BB7-4CE9-B656-3B78B9A9D238}.Debug|Any CPU.Build.0 = Debug|Any CPU
		{44C23004-7BB7-4CE9-B656-3B78B9A9D238}.Release|Any CPU.ActiveCfg = Release|Any CPU
		{44C23004-7BB7-4CE9-B656-3B78B9A9D238}.Release|Any CPU.Build.0 = Release|Any CPU
	EndGlobalSection
	GlobalSection(SolutionProperties) = preSolution
		HideSolutionNode = FALSE
	EndGlobalSection
	GlobalSection(ExtensibilityGlobals) = postSolution
		SolutionGuid = {17D6E85B-BE28-4D2D-815C-C95F90D94EFD}
	EndGlobalSection
EndGlobal
